
Microsoft Visual Studio Solution File, Format Version 12.00
# Visual Studio 2013
VisualStudioVersion = 12.0.31101.0
MinimumVisualStudioVersion = 10.0.40219.1
Project("{888888A0-9F3D-457C-B088-3A5042F75D52}") = "XPlaneConnect", "XPlaneConnect.pyproj", "{3C7A940D-17C8-4E91-882F-9BC8B1D2F54B}"
EndProject
Project("{888888A0-9F3D-457C-B088-3A5042F75D52}") = "Tests", "..\TestScripts\Python Tests\Tests.pyproj", "{6931EBB2-4E01-4C5A-86B6-668C0E75051B}"
EndProject
Global
	GlobalSection(SolutionConfigurationPlatforms) = preSolution
		Debug|Any CPU = Debug|Any CPU
		Release|Any CPU = Release|Any CPU
	EndGlobalSection
	GlobalSection(ProjectConfigurationPlatforms) = postSolution
		{3C7A940D-17C8-4E91-882F-9BC8B1D2F54B}.Debug|Any CPU.ActiveCfg = Debug|Any CPU
		{3C7A940D-17C8-4E91-882F-9BC8B1D2F54B}.Release|Any CPU.ActiveCfg = Release|Any CPU
		{6931EBB2-4E01-4C5A-86B6-668C0E75051B}.Debug|Any CPU.ActiveCfg = Debug|Any CPU
		{6931EBB2-4E01-4C5A-86B6-668C0E75051B}.Release|Any CPU.ActiveCfg = Release|Any CPU
	EndGlobalSection
	GlobalSection(SolutionProperties) = preSolution
		HideSolutionNode = FALSE
	EndGlobalSection
EndGlobal
